
Microsoft Visual Studio Solution File, Format Version 12.00
# Visual Studio Version 16
VisualStudioVersion = 16.0.28917.182
MinimumVisualStudioVersion = 10.0.40219.1
Project("{FAE04EC0-301F-11D3-BF4B-00C04F79EFBC}") = "AutoMapper.Async", "AutoMapper.Async\AutoMapper.Async.csproj", "{A6739E1A-D8CB-4207-B4FB-5BA5AFAD0DCC}"
EndProject
Project("{FAE04EC0-301F-11D3-BF4B-00C04F79EFBC}") = "AutoMapper.Async.Tests", "AutoMapper.Async.Tests\AutoMapper.Async.Tests.csproj", "{0F7B5AE8-FC72-4105-95E4-B9463E4FD969}"
EndProject
Global
	GlobalSection(SolutionConfigurationPlatforms) = preSolution
		Debug|Any CPU = Debug|Any CPU
		Release|Any CPU = Release|Any CPU
	EndGlobalSection
	GlobalSection(ProjectConfigurationPlatforms) = postSolution
		{A6739E1A-D8CB-4207-B4FB-5BA5AFAD0DCC}.Debug|Any CPU.ActiveCfg = Debug|Any CPU
		{A6739E1A-D8CB-4207-B4FB-5BA5AFAD0DCC}.Debug|Any CPU.Build.0 = Debug|Any CPU
		{A6739E1A-D8CB-4207-B4FB-5BA5AFAD0DCC}.Release|Any CPU.ActiveCfg = Release|Any CPU
		{A6739E1A-D8CB-4207-B4FB-5BA5AFAD0DCC}.Release|Any CPU.Build.0 = Release|Any CPU
		{0F7B5AE8-FC72-4105-95E4-B9463E4FD969}.Debug|Any CPU.ActiveCfg = Debug|Any CPU
		{0F7B5AE8-FC72-4105-95E4-B9463E4FD969}.Debug|Any CPU.Build.0 = Debug|Any CPU
		{0F7B5AE8-FC72-4105-95E4-B9463E4FD969}.Release|Any CPU.ActiveCfg = Release|Any CPU
		{0F7B5AE8-FC72-4105-95E4-B9463E4FD969}.Release|Any CPU.Build.0 = Release|Any CPU
	EndGlobalSection
	GlobalSection(SolutionProperties) = preSolution
		HideSolutionNode = FALSE
	EndGlobalSection
	GlobalSection(ExtensibilityGlobals) = postSolution
		SolutionGuid = {704BA6CC-1B01-4C08-8700-168DC64BFC02}
	EndGlobalSection
EndGlobal
